    <div class="navbar-nav mx-auto p-4 p-lg-0 d-flex justify-content-center">
        <a href="{{route('home')}}" class="nav-item nav-link">Home</a>
        <a href="{{route('layanan')}}" class="nav-item nav-link">Layanan Warga</a>
        <div class="nav-item dropdown">
            <a href="#" class="nav-link dropdown-toggle" data-bs-toggle="dropdown">Jobs</a>
            <div class="dropdown-menu rounded-0 m-0">
                <a href="job-list.html" class="dropdown-item">Job List</a>
                <a href="job-detail.html" class="dropdown-item">Job Detail</a>
            </div>
        </div>
        <div class="nav-item dropdown">
            <a href="#" class="nav-link dropdown-toggle" data-bs-toggle="dropdown">Pages</a>
            <div class="dropdown-menu rounded-0 m-0">
                <a href="category.html" class="dropdown-item">Job Category</a>
                <a href="testimonial.html" class="dropdown-item">Testimonial</a>
                <a href="404.html" class="dropdown-item">404</a>
            </div>
        </div>
    </div>
